
Microsoft Visual Studio Solution File, Format Version 12.00
# Visual Studio Version 17
VisualStudioVersion = 17.11.35327.3
MinimumVisualStudioVersion = 10.0.40219.1
Project("{FAE04EC0-301F-11D3-BF4B-00C04F79EFBC}") = "Abstraction", "Abstraction\Abstraction.csproj", "{A0F0650E-2342-400C-9AEF-4931161F91C7}"
EndProject
Global
	GlobalSection(SolutionConfigurationPlatforms) = preSolution
		Debug|Any CPU = Debug|Any CPU
		Release|Any CPU = Release|Any CPU
	EndGlobalSection
	GlobalSection(ProjectConfigurationPlatforms) = postSolution
		{A0F0650E-2342-400C-9AEF-4931161F91C7}.Debug|Any CPU.ActiveCfg = Debug|Any CPU
		{A0F0650E-2342-400C-9AEF-4931161F91C7}.Debug|Any CPU.Build.0 = Debug|Any CPU
		{A0F0650E-2342-400C-9AEF-4931161F91C7}.Release|Any CPU.ActiveCfg = Release|Any CPU
		{A0F0650E-2342-400C-9AEF-4931161F91C7}.Release|Any CPU.Build.0 = Release|Any CPU
	EndGlobalSection
	GlobalSection(SolutionProperties) = preSolution
		HideSolutionNode = FALSE
	EndGlobalSection
	GlobalSection(ExtensibilityGlobals) = postSolution
		SolutionGuid = {24F727D2-E042-4A2F-9E07-4CB6B7272C78}
	EndGlobalSection
EndGlobal
